
Microsoft Visual Studio Solution File, Format Version 12.00
# Visual Studio Version 16
VisualStudioVersion = 16.0.29920.165
MinimumVisualStudioVersion = 10.0.40219.1
Project("{9A19103F-16F7-4668-BE54-9A1E7A4F7556}") = "NowaiterApi", "NowaiterApi\NowaiterApi.csproj", "{E48803D7-0E9D-4556-8928-09B0A4FBE1BA}"
EndProject
Global
	GlobalSection(SolutionConfigurationPlatforms) = preSolution
		Debug|Any CPU = Debug|Any CPU
		Debug|iPhone = Debug|iPhone
		Debug|iPhoneSimulator = Debug|iPhoneSimulator
		Release|Any CPU = Release|Any CPU
		Release|iPhone = Release|iPhone
		Release|iPhoneSimulator = Release|iPhoneSimulator
	EndGlobalSection
	GlobalSection(ProjectConfigurationPlatforms) = postSolution
		{E48803D7-0E9D-4556-8928-09B0A4FBE1BA}.Debug|Any CPU.ActiveCfg = Debug|Any CPU
		{E48803D7-0E9D-4556-8928-09B0A4FBE1BA}.Debug|Any CPU.Build.0 = Debug|Any CPU
		{E48803D7-0E9D-4556-8928-09B0A4FBE1BA}.Debug|iPhone.ActiveCfg = Debug|Any CPU
		{E48803D7-0E9D-4556-8928-09B0A4FBE1BA}.Debug|iPhone.Build.0 = Debug|Any CPU
		{E48803D7-0E9D-4556-8928-09B0A4FBE1BA}.Debug|iPhoneSimulator.ActiveCfg = Debug|Any CPU
		{E48803D7-0E9D-4556-8928-09B0A4FBE1BA}.Debug|iPhoneSimulator.Build.0 = Debug|Any CPU
		{E48803D7-0E9D-4556-8928-09B0A4FBE1BA}.Release|Any CPU.ActiveCfg = Release|Any CPU
		{E48803D7-0E9D-4556-8928-09B0A4FBE1BA}.Release|Any CPU.Build.0 = Release|Any CPU
		{E48803D7-0E9D-4556-8928-09B0A4FBE1BA}.Release|iPhone.ActiveCfg = Release|Any CPU
		{E48803D7-0E9D-4556-8928-09B0A4FBE1BA}.Release|iPhone.Build.0 = Release|Any CPU
		{E48803D7-0E9D-4556-8928-09B0A4FBE1BA}.Release|iPhoneSimulator.ActiveCfg = Release|Any CPU
		{E48803D7-0E9D-4556-8928-09B0A4FBE1BA}.Release|iPhoneSimulator.Build.0 = Release|Any CPU
	EndGlobalSection
	GlobalSection(SolutionProperties) = preSolution
		HideSolutionNode = FALSE
	EndGlobalSection
	GlobalSection(ExtensibilityGlobals) = postSolution
		SolutionGuid = {9B5881D6-8BA6-472D-A334-ECA7CB0FE9B5}
	EndGlobalSection
EndGlobal
